
Microsoft Visual Studio Solution File, Format Version 12.00
# Visual Studio Version 16
VisualStudioVersion = 16.0.29418.71
MinimumVisualStudioVersion = 10.0.40219.1
Project("{FAE04EC0-301F-11D3-BF4B-00C04F79EFBC}") = "Test_delegate", "Test_delegate\Test_delegate.csproj", "{794F14B0-EFDC-4640-9F5D-CA6DC4731076}"
EndProject
Global
	GlobalSection(SolutionConfigurationPlatforms) = preSolution
		Debug|Any CPU = Debug|Any CPU
		Release|Any CPU = Release|Any CPU
	EndGlobalSection
	GlobalSection(ProjectConfigurationPlatforms) = postSolution
		{794F14B0-EFDC-4640-9F5D-CA6DC4731076}.Debug|Any CPU.ActiveCfg = Debug|Any CPU
		{794F14B0-EFDC-4640-9F5D-CA6DC4731076}.Debug|Any CPU.Build.0 = Debug|Any CPU
		{794F14B0-EFDC-4640-9F5D-CA6DC4731076}.Release|Any CPU.ActiveCfg = Release|Any CPU
		{794F14B0-EFDC-4640-9F5D-CA6DC4731076}.Release|Any CPU.Build.0 = Release|Any CPU
	EndGlobalSection
	GlobalSection(SolutionProperties) = preSolution
		HideSolutionNode = FALSE
	EndGlobalSection
	GlobalSection(ExtensibilityGlobals) = postSolution
		SolutionGuid = {89B433F4-3CCF-46CA-A486-D8C8149AC47F}
	EndGlobalSection
EndGlobal
